// !$*UTF8*$!
{
	archiveVersion = 1;
	classes = {
	};
	objectVersion = 55;
	objects = {

/* Begin PBXBuildFile section */
		8C3127B2AFC78370A5578084 /* libPods-CovidInfo.a in Frameworks */ = {isa = PBXBuildFile; fileRef = 85B96E91060584C3BD08BA11 /* libPods-CovidInfo.a */; };
		B201DD3327B8E89600C34C41 /* OnboardingPageViewController.swift in Sources */ = {isa = PBXBuildFile; fileRef = B201DD3227B8E89600C34C41 /* OnboardingPageViewController.swift */; };
		B2049E4527FA325100303C6A /* ArticlesWebScraperManager.swift in Sources */ = {isa = PBXBuildFile; fileRef = B2049E4427FA325100303C6A /* ArticlesWebScraperManager.swift */; };
		B20623FB27DA555400CD985E /* EnrollCertifficateViewController.xib in Resources */ = {isa = PBXBuildFile; fileRef = B20623FA27DA555400CD985E /* EnrollCertifficateViewController.xib */; };
		B206B62627B64D9100C371B2 /* OnboardingWelcomeViewController.swift in Sources */ = {isa = PBXBuildFile; fileRef = B206B62427B64D9100C371B2 /* OnboardingWelcomeViewController.swift */; };
		B206B62A27B6539400C371B2 /* OnboardingViewController.swift in Sources */ = {isa = PBXBuildFile; fileRef = B206B62827B6539400C371B2 /* OnboardingViewController.swift */; };
		B213E3F127CE5BF000A4E303 /* UIButton.swift in Sources */ = {isa = PBXBuildFile; fileRef = B213E3F027CE5BF000A4E303 /* UIButton.swift */; };
		B217D44F27B93DC500DBDED9 /* TriajViewController.swift in Sources */ = {isa = PBXBuildFile; fileRef = B217D44D27B93DC500DBDED9 /* TriajViewController.swift */; };
		B217D45527B940F600DBDED9 /* TriajSubviews.swift in Sources */ = {isa = PBXBuildFile; fileRef = B217D45427B940F600DBDED9 /* TriajSubviews.swift */; };
		B217D45727B9454500DBDED9 /* UIStackView.swift in Sources */ = {isa = PBXBuildFile; fileRef = B217D45627B9454500DBDED9 /* UIStackView.swift */; };
		B218CDC027F848D00080CD55 /* Triaj.xib in Resources */ = {isa = PBXBuildFile; fileRef = B218CDBF27F848D00080CD55 /* Triaj.xib */; };
		B218CDC227F849580080CD55 /* TestViewController.swift in Sources */ = {isa = PBXBuildFile; fileRef = B218CDC127F849570080CD55 /* TestViewController.swift */; };
		B21B3F1927F851B0004171C6 /* TestViewTest.xib in Resources */ = {isa = PBXBuildFile; fileRef = B21B3F1827F851B0004171C6 /* TestViewTest.xib */; };
		B21C965427B2BD5400C88A50 /* SimptomeAndPreventieViewController.swift in Sources */ = {isa = PBXBuildFile; fileRef = B21C965227B2BD5400C88A50 /* SimptomeAndPreventieViewController.swift */; };
		B21C965527B2BD5400C88A50 /* SimptomeAndPreventieViewController.xib in Resources */ = {isa = PBXBuildFile; fileRef = B21C965327B2BD5400C88A50 /* SimptomeAndPreventieViewController.xib */; };
		B21C965727B2CADA00C88A50 /* SimptomeAndPreventie.swift in Sources */ = {isa = PBXBuildFile; fileRef = B21C965627B2CADA00C88A50 /* SimptomeAndPreventie.swift */; };
		B222EC722807B4DB0070397F /* Collections in Frameworks */ = {isa = PBXBuildFile; productRef = B222EC712807B4DB0070397F /* Collections */; };
		B222EC742807B4DB0070397F /* DequeModule in Frameworks */ = {isa = PBXBuildFile; productRef = B222EC732807B4DB0070397F /* DequeModule */; };
		B222EC762807B4DB0070397F /* OrderedCollections in Frameworks */ = {isa = PBXBuildFile; productRef = B222EC752807B4DB0070397F /* OrderedCollections */; };
		B23496E42802C07900E5B2FF /* SwiftUICharts in Frameworks */ = {isa = PBXBuildFile; productRef = B23496E32802C07900E5B2FF /* SwiftUICharts */; };
		B23935C128144DD400F4E0AA /* CoreData.swift in Sources */ = {isa = PBXBuildFile; fileRef = B23935C028144DD400F4E0AA /* CoreData.swift */; };
		B23DE45A27B3BC4700FD2E10 /* Constraints.swift in Sources */ = {isa = PBXBuildFile; fileRef = B23DE45927B3BC4700FD2E10 /* Constraints.swift */; };
		B23DE46027B3D01700FD2E10 /* preventie3.json in Resources */ = {isa = PBXBuildFile; fileRef = B23DE45B27B3D01700FD2E10 /* preventie3.json */; };
		B23DE46127B3D01700FD2E10 /* preventie4.json in Resources */ = {isa = PBXBuildFile; fileRef = B23DE45C27B3D01700FD2E10 /* preventie4.json */; };
		B23DE46227B3D01700FD2E10 /* preventie2.json in Resources */ = {isa = PBXBuildFile; fileRef = B23DE45D27B3D01700FD2E10 /* preventie2.json */; };
		B23DE46327B3D01700FD2E10 /* preventie5.json in Resources */ = {isa = PBXBuildFile; fileRef = B23DE45E27B3D01700FD2E10 /* preventie5.json */; };
		B23DE46427B3D01700FD2E10 /* preventie1.json in Resources */ = {isa = PBXBuildFile; fileRef = B23DE45F27B3D01700FD2E10 /* preventie1.json */; };
		B23DE46827B3D02400FD2E10 /* simptome3.json in Resources */ = {isa = PBXBuildFile; fileRef = B23DE46527B3D02400FD2E10 /* simptome3.json */; };
		B23DE46927B3D02400FD2E10 /* simptome1.json in Resources */ = {isa = PBXBuildFile; fileRef = B23DE46627B3D02400FD2E10 /* simptome1.json */; };
		B23DE46A27B3D02400FD2E10 /* simptome2.json in Resources */ = {isa = PBXBuildFile; fileRef = B23DE46727B3D02400FD2E10 /* simptome2.json */; };
		B23DE46C27B3FC4D00FD2E10 /* UIColor.swift in Sources */ = {isa = PBXBuildFile; fileRef = B23DE46B27B3FC4D00FD2E10 /* UIColor.swift */; };
		B23DE46E27B41F2C00FD2E10 /* Triaj.swift in Sources */ = {isa = PBXBuildFile; fileRef = B23DE46D27B41F2B00FD2E10 /* Triaj.swift */; };
		B23DE47A27B44E3D00FD2E10 /* UILabel.swift in Sources */ = {isa = PBXBuildFile; fileRef = B23DE47927B44E3D00FD2E10 /* UILabel.swift */; };
		B256059A27B2AF8000FB039F /* SimptomeAndPreventieCollectionViewController.swift in Sources */ = {isa = PBXBuildFile; fileRef = B256059927B2AF8000FB039F /* SimptomeAndPreventieCollectionViewController.swift */; };
		B256059C27B2AFB500FB039F /* CollectionViewLayouts.swift in Sources */ = {isa = PBXBuildFile; fileRef = B256059B27B2AFB500FB039F /* CollectionViewLayouts.swift */; };
		B259BF8527B6DFA5001F78A6 /* LaunchViewController.swift in Sources */ = {isa = PBXBuildFile; fileRef = B259BF8427B6DFA5001F78A6 /* LaunchViewController.swift */; };
		B25AD33927A30B50009EAD38 /* UIView.swift in Sources */ = {isa = PBXBuildFile; fileRef = B25AD33827A30B50009EAD38 /* UIView.swift */; };
		B25EAE5427F76DD400860B2F /* TabBarExtenstion.swift in Sources */ = {isa = PBXBuildFile; fileRef = B25EAE5327F76DD400860B2F /* TabBarExtenstion.swift */; };
		B266A11527EF12D0003806E7 /* NewsCardTransitionManager.swift in Sources */ = {isa = PBXBuildFile; fileRef = B266A0F527EF12D0003806E7 /* NewsCardTransitionManager.swift */; };
		B266A12927EF1682003806E7 /* FullScreenCardView.swift in Sources */ = {isa = PBXBuildFile; fileRef = B266A12827EF1682003806E7 /* FullScreenCardView.swift */; };
		B266A12B27EF25CC003806E7 /* CardView.swift in Sources */ = {isa = PBXBuildFile; fileRef = B266A12A27EF25CC003806E7 /* CardView.swift */; };
		B266A12D27EF71AF003806E7 /* UIWindow.swift in Sources */ = {isa = PBXBuildFile; fileRef = B266A12C27EF71AF003806E7 /* UIWindow.swift */; };
		B266A12F27EF7278003806E7 /* UITableView.swift in Sources */ = {isa = PBXBuildFile; fileRef = B266A12E27EF7278003806E7 /* UITableView.swift */; };
		B267D10F27F642B60069F2CE /* AccountViewController.swift in Sources */ = {isa = PBXBuildFile; fileRef = B267D10E27F642B60069F2CE /* AccountViewController.swift */; };
		B26CB67828148AF900345812 /* DataTypes.swift in Sources */ = {isa = PBXBuildFile; fileRef = B26CB67728148AF900345812 /* DataTypes.swift */; };
		B26CB67B28148F8E00345812 /* StatisticsConfiguration.swift in Sources */ = {isa = PBXBuildFile; fileRef = B26CB67A28148F8E00345812 /* StatisticsConfiguration.swift */; };
		B26CD2FE280602C100DE2780 /* StatisticsView.swift in Sources */ = {isa = PBXBuildFile; fileRef = B26CD2FD280602C100DE2780 /* StatisticsView.swift */; };
		B278D50727A2848600511BB2 /* MainViewController.swift in Sources */ = {isa = PBXBuildFile; fileRef = B278D50627A2848600511BB2 /* MainViewController.swift */; };
		B278D50927A2851A00511BB2 /* UserDefaults.swift in Sources */ = {isa = PBXBuildFile; fileRef = B278D50827A2851A00511BB2 /* UserDefaults.swift */; };
		B27AB17D27B66007009A2323 /* LottieAnimationView.swift in Sources */ = {isa = PBXBuildFile; fileRef = B27AB17C27B66007009A2323 /* LottieAnimationView.swift */; };
		B27C859528016BC0005F81DB /* StatisticsDataParseManager.swift in Sources */ = {isa = PBXBuildFile; fileRef = B27C859428016BC0005F81DB /* StatisticsDataParseManager.swift */; };
		B281283527A5A69700DE7DB8 /* UIPageViewController.swift in Sources */ = {isa = PBXBuildFile; fileRef = B281283427A5A69700DE7DB8 /* UIPageViewController.swift */; };
		B282BFF52813098E007ADE2F /* GoogleService-Info.plist in Resources */ = {isa = PBXBuildFile; fileRef = B282BFF42813098E007ADE2F /* GoogleService-Info.plist */; };
		B289059427DA80720019205D /* LocalStorageManager.swift in Sources */ = {isa = PBXBuildFile; fileRef = B289059327DA80720019205D /* LocalStorageManager.swift */; };
		B289F89027B9582A00E756EF /* TriajPageViewController.swift in Sources */ = {isa = PBXBuildFile; fileRef = B289F88F27B9582A00E756EF /* TriajPageViewController.swift */; };
		B296838B2815CB8B006B6D57 /* Article+CoreDataClass.swift in Sources */ = {isa = PBXBuildFile; fileRef = B29683852815CB8B006B6D57 /* Article+CoreDataClass.swift */; };
		B296838C2815CB8B006B6D57 /* Article+CoreDataProperties.swift in Sources */ = {isa = PBXBuildFile; fileRef = B29683862815CB8B006B6D57 /* Article+CoreDataProperties.swift */; };
		B296838D2815CB8B006B6D57 /* MSPressBulettin+CoreDataClass.swift in Sources */ = {isa = PBXBuildFile; fileRef = B29683872815CB8B006B6D57 /* MSPressBulettin+CoreDataClass.swift */; };
		B296838E2815CB8B006B6D57 /* MSPressBulettin+CoreDataProperties.swift in Sources */ = {isa = PBXBuildFile; fileRef = B29683882815CB8B006B6D57 /* MSPressBulettin+CoreDataProperties.swift */; };
		B29683932815D72A006B6D57 /* StatisticsData+CoreDataClass.swift in Sources */ = {isa = PBXBuildFile; fileRef = B29683912815D72A006B6D57 /* StatisticsData+CoreDataClass.swift */; };
		B29683942815D72A006B6D57 /* StatisticsData+CoreDataProperties.swift in Sources */ = {isa = PBXBuildFile; fileRef = B29683922815D72A006B6D57 /* StatisticsData+CoreDataProperties.swift */; };
		B29683962815E720006B6D57 /* loadingAnimation.json in Resources */ = {isa = PBXBuildFile; fileRef = B29683952815E720006B6D57 /* loadingAnimation.json */; };
		B2976FD427B94F53006E4859 /* TriajActions.xib in Resources */ = {isa = PBXBuildFile; fileRef = B2976FD327B94F53006E4859 /* TriajActions.xib */; };
		B2976FD627B94F6C006E4859 /* TriajActions.swift in Sources */ = {isa = PBXBuildFile; fileRef = B2976FD527B94F6C006E4859 /* TriajActions.swift */; };
		B2A389F427A442820005F9FD /* CustomNavigationBar.swift in Sources */ = {isa = PBXBuildFile; fileRef = B2A389F327A442820005F9FD /* CustomNavigationBar.swift */; };
		B2B03FAA27BEB36200A0F634 /* UIViewController.swift in Sources */ = {isa = PBXBuildFile; fileRef = B2B03FA927BEB36200A0F634 /* UIViewController.swift */; };
		B2B45D1A27B2F34B00788918 /* SimptomeAndPreventieCollectionViewCell.swift in Sources */ = {isa = PBXBuildFile; fileRef = B2B45D1927B2F34B00788918 /* SimptomeAndPreventieCollectionViewCell.swift */; };
		B2B5A9B02790939500FC4E61 /* onboarding2.json in Resources */ = {isa = PBXBuildFile; fileRef = B2B5A9A92790939500FC4E61 /* onboarding2.json */; };
		B2B5A9B12790939500FC4E61 /* onboarding4.1.json in Resources */ = {isa = PBXBuildFile; fileRef = B2B5A9AA2790939500FC4E61 /* onboarding4.1.json */; };
		B2B5A9B22790939500FC4E61 /* onboarding1.json in Resources */ = {isa = PBXBuildFile; fileRef = B2B5A9AB2790939500FC4E61 /* onboarding1.json */; };
		B2B5A9B32790939500FC4E61 /* onboarding3.json in Resources */ = {isa = PBXBuildFile; fileRef = B2B5A9AC2790939500FC4E61 /* onboarding3.json */; };
		B2B5A9B42790939500FC4E61 /* onboarding4.2.json in Resources */ = {isa = PBXBuildFile; fileRef = B2B5A9AD2790939500FC4E61 /* onboarding4.2.json */; };
		B2B5A9B52790939500FC4E61 /* onboarding4.json in Resources */ = {isa = PBXBuildFile; fileRef = B2B5A9AE2790939500FC4E61 /* onboarding4.json */; };
		B2B5A9B62790939500FC4E61 /* onboarding5.json in Resources */ = {isa = PBXBuildFile; fileRef = B2B5A9AF2790939500FC4E61 /* onboarding5.json */; };
		B2B758DD2810086A00E9D078 /* UICollectionViewController.swift in Sources */ = {isa = PBXBuildFile; fileRef = B2B758DC2810086A00E9D078 /* UICollectionViewController.swift */; };
		B2B758DF2810091500E9D078 /* XIB.swift in Sources */ = {isa = PBXBuildFile; fileRef = B2B758DE2810091500E9D078 /* XIB.swift */; };
		B2B758E228100BE600E9D078 /* ViewModelsData.swift in Sources */ = {isa = PBXBuildFile; fileRef = B2B758E128100BE600E9D078 /* ViewModelsData.swift */; };
		B2B8555C27EF7A6100793FC5 /* NewsViewController.swift in Sources */ = {isa = PBXBuildFile; fileRef = B2B8555B27EF7A6100793FC5 /* NewsViewController.swift */; };
		B2BB039B27A9466700D4801B /* CustomTabBar.swift in Sources */ = {isa = PBXBuildFile; fileRef = B2BB039A27A9466700D4801B /* CustomTabBar.swift */; };
		B2BB039F27A998F700D4801B /* NavigationBar.swift in Sources */ = {isa = PBXBuildFile; fileRef = B2BB039E27A998F700D4801B /* NavigationBar.swift */; };
		B2BF961D28143270002493EE /* DataModel.xcdatamodeld in Sources */ = {isa = PBXBuildFile; fileRef = B2BF961B28143270002493EE /* DataModel.xcdatamodeld */; };
		B2C2E90927DA356B00A79D93 /* QRCodeManager.swift in Sources */ = {isa = PBXBuildFile; fileRef = B2C2E90827DA356B00A79D93 /* QRCodeManager.swift */; };
		B2C2E90D27DA4D3E00A79D93 /* EnrollCertifficateViewController.swift in Sources */ = {isa = PBXBuildFile; fileRef = B2C2E90C27DA4D3E00A79D93 /* EnrollCertifficateViewController.swift */; };
		B2C59C2127A869340094A984 /* MainPageViewController.swift in Sources */ = {isa = PBXBuildFile; fileRef = B2C59C2027A869340094A984 /* MainPageViewController.swift */; };
		B2CCB58927DB969E0076A52A /* HeaderPageViewController.swift in Sources */ = {isa = PBXBuildFile; fileRef = B2CCB58827DB969E0076A52A /* HeaderPageViewController.swift */; };
		B2CCB58B27DB9A9D0076A52A /* HomeHeaders.swift in Sources */ = {isa = PBXBuildFile; fileRef = B2CCB58A27DB9A9D0076A52A /* HomeHeaders.swift */; };
		B2CCB59227DB9D160076A52A /* HomeViewController.swift in Sources */ = {isa = PBXBuildFile; fileRef = B2CCB59027DB9D160076A52A /* HomeViewController.swift */; };
		B2D0724327CB81A600FA4BC6 /* UIDefaults.swift in Sources */ = {isa = PBXBuildFile; fileRef = B2D0724227CB81A600FA4BC6 /* UIDefaults.swift */; };
		B2D0724727CB85A500FA4BC6 /* FontsManager.swift in Sources */ = {isa = PBXBuildFile; fileRef = B2D0724627CB85A500FA4BC6 /* FontsManager.swift */; };
		B2DABD1427EB27DD00ECA4EB /* TrustedSourcesView.swift in Sources */ = {isa = PBXBuildFile; fileRef = B2DABD1327EB27DD00ECA4EB /* TrustedSourcesView.swift */; };
		B2DABD1627EB2A2500ECA4EB /* News.swift in Sources */ = {isa = PBXBuildFile; fileRef = B2DABD1527EB2A2500ECA4EB /* News.swift */; };
		B2DABD1827EB6D7700ECA4EB /* UIImage.swift in Sources */ = {isa = PBXBuildFile; fileRef = B2DABD1727EB6D7700ECA4EB /* UIImage.swift */; };
		B2DABD1A27EB790F00ECA4EB /* Safari.swift in Sources */ = {isa = PBXBuildFile; fileRef = B2DABD1927EB790F00ECA4EB /* Safari.swift */; };
		B2DC74C227B793F700078245 /* OnboardingCell.swift in Sources */ = {isa = PBXBuildFile; fileRef = B2DC74C027B793F700078245 /* OnboardingCell.swift */; };
		B2DF4F3027D8A15D0035D5B7 /* CertifficateView.swift in Sources */ = {isa = PBXBuildFile; fileRef = B2DF4F2F27D8A15D0035D5B7 /* CertifficateView.swift */; };
		B2E1938727BC245B00D0F057 /* PreventieAndSimptomeShortcut.xib in Resources */ = {isa = PBXBuildFile; fileRef = B2E1938627BC245B00D0F057 /* PreventieAndSimptomeShortcut.xib */; };
		B2E1938927BC248200D0F057 /* PreventieAndSimptomeShortcut.swift in Sources */ = {isa = PBXBuildFile; fileRef = B2E1938827BC248200D0F057 /* PreventieAndSimptomeShortcut.swift */; };
		B2E597ED281441BD003B6219 /* DataRefreshManager.swift in Sources */ = {isa = PBXBuildFile; fileRef = B2E597EC281441BD003B6219 /* DataRefreshManager.swift */; };
		B2E6741B27A52A8F00F283B7 /* Onboarding.swift in Sources */ = {isa = PBXBuildFile; fileRef = B2E6741A27A52A8F00F283B7 /* Onboarding.swift */; };
		B2F01E202807734B00D0AD6C /* CountiesEnums.swift in Sources */ = {isa = PBXBuildFile; fileRef = B2F01E1F2807734B00D0AD6C /* CountiesEnums.swift */; };
		B2F48DDB27AD1D37005EE116 /* HomePagePageViewController.swift in Sources */ = {isa = PBXBuildFile; fileRef = B2F48DD927AD1D37005EE116 /* HomePagePageViewController.swift */; };
		B2F48DDE27AD2453005EE116 /* Delegates.swift in Sources */ = {isa = PBXBuildFile; fileRef = B2F48DDD27AD2453005EE116 /* Delegates.swift */; };
		B2F48DE027AD249A005EE116 /* Enums.swift in Sources */ = {isa = PBXBuildFile; fileRef = B2F48DDF27AD249A005EE116 /* Enums.swift */; };
		B2F48DE227AD25BC005EE116 /* EmbedView.swift in Sources */ = {isa = PBXBuildFile; fileRef = B2F48DE127AD25BC005EE116 /* EmbedView.swift */; };
		B2F650F3278F2BD900E1BB58 /* AppDelegate.swift in Sources */ = {isa = PBXBuildFile; fileRef = B2F650F2278F2BD900E1BB58 /* AppDelegate.swift */; };
		B2F650F5278F2BD900E1BB58 /* SceneDelegate.swift in Sources */ = {isa = PBXBuildFile; fileRef = B2F650F4278F2BD900E1BB58 /* SceneDelegate.swift */; };
		B2F650FF278F2BDB00E1BB58 /* Assets.xcassets in Resources */ = {isa = PBXBuildFile; fileRef = B2F650FE278F2BDB00E1BB58 /* Assets.xcassets */; };
		B2F65102278F2BDB00E1BB58 /* LaunchScreen.storyboard in Resources */ = {isa = PBXBuildFile; fileRef = B2F65100278F2BDB00E1BB58 /* LaunchScreen.storyboard */; };
		B2F65139278F32B000E1BB58 /* IBMPlexSans-Light.ttf in Resources */ = {isa = PBXBuildFile; fileRef = B2F65129278F32AF00E1BB58 /* IBMPlexSans-Light.ttf */; };
		B2F65142278F32B000E1BB58 /* IBMPlexSans-Bold.ttf in Resources */ = {isa = PBXBuildFile; fileRef = B2F6512C278F32AF00E1BB58 /* IBMPlexSans-Bold.ttf */; };
		B2F65145278F32B000E1BB58 /* IBMPlexSans-SemiBold.ttf in Resources */ = {isa = PBXBuildFile; fileRef = B2F6512D278F32AF00E1BB58 /* IBMPlexSans-SemiBold.ttf */; };
		B2F65148278F32B000E1BB58 /* IBMPlexSans-ExtraLight.ttf in Resources */ = {isa = PBXBuildFile; fileRef = B2F6512E278F32AF00E1BB58 /* IBMPlexSans-ExtraLight.ttf */; };
		B2F65154278F32B000E1BB58 /* IBMPlexSans-Regular.ttf in Resources */ = {isa = PBXBuildFile; fileRef = B2F65132278F32B000E1BB58 /* IBMPlexSans-Regular.ttf */; };
		B2F65157278F32B000E1BB58 /* IBMPlexSans-Medium.ttf in Resources */ = {isa = PBXBuildFile; fileRef = B2F65133278F32B000E1BB58 /* IBMPlexSans-Medium.ttf */; };
/* End PBXBuildFile section */

/* Begin PBXFileReference section */
		22F6C5A0490F046E87DD09B5 /* Pods-CovidInfo-CovidInfoUITests.debug.xcconfig */ = {isa = PBXFileReference; includeInIndex = 1; lastKnownFileType = text.xcconfig; name = "Pods-CovidInfo-CovidInfoUITests.debug.xcconfig"; path = "Target Support Files/Pods-CovidInfo-CovidInfoUITests/Pods-CovidInfo-CovidInfoUITests.debug.xcconfig"; sourceTree = "<group>"; };
		3935D5315BEA97635D6E08EE /* Pods-CovidInfo-CovidInfoUITests.release.xcconfig */ = {isa = PBXFileReference; includeInIndex = 1; lastKnownFileType = text.xcconfig; name = "Pods-CovidInfo-CovidInfoUITests.release.xcconfig"; path = "Target Support Files/Pods-CovidInfo-CovidInfoUITests/Pods-CovidInfo-CovidInfoUITests.release.xcconfig"; sourceTree = "<group>"; };
		5ED1ACAC0B5BCABB0912F760 /* Pods-CovidInfo.debug.xcconfig */ = {isa = PBXFileReference; includeInIndex = 1; lastKnownFileType = text.xcconfig; name = "Pods-CovidInfo.debug.xcconfig"; path = "Target Support Files/Pods-CovidInfo/Pods-CovidInfo.debug.xcconfig"; sourceTree = "<group>"; };
		6093B6C73F5FDA01AB286717 /* Pods-CovidInfo.release.xcconfig */ = {isa = PBXFileReference; includeInIndex = 1; lastKnownFileType = text.xcconfig; name = "Pods-CovidInfo.release.xcconfig"; path = "Target Support Files/Pods-CovidInfo/Pods-CovidInfo.release.xcconfig"; sourceTree = "<group>"; };
		85B96E91060584C3BD08BA11 /* libPods-CovidInfo.a */ = {isa = PBXFileReference; explicitFileType = archive.ar; includeInIndex = 0; path = "libPods-CovidInfo.a"; sourceTree = BUILT_PRODUCTS_DIR; };
		B201DD3227B8E89600C34C41 /* OnboardingPageViewController.swift */ = {isa = PBXFileReference; fileEncoding = 4; lastKnownFileType = sourcecode.swift; path = OnboardingPageViewController.swift; sourceTree = "<group>"; };
		B2049E4427FA325100303C6A /* ArticlesWebScraperManager.swift */ = {isa = PBXFileReference; lastKnownFileType = sourcecode.swift; path = ArticlesWebScraperManager.swift; sourceTree = "<group>"; };
		B20623FA27DA555400CD985E /* EnrollCertifficateViewController.xib */ = {isa = PBXFileReference; lastKnownFileType = file.xib; path = EnrollCertifficateViewController.xib; sourceTree = "<group>"; };
		B206B62427B64D9100C371B2 /* OnboardingWelcomeViewController.swift */ = {isa = PBXFileReference; lastKnownFileType = sourcecode.swift; path = OnboardingWelcomeViewController.swift; sourceTree = "<group>"; };
		B206B62827B6539400C371B2 /* OnboardingViewController.swift */ = {isa = PBXFileReference; lastKnownFileType = sourcecode.swift; path = OnboardingViewController.swift; sourceTree = "<group>"; };
		B213E3F027CE5BF000A4E303 /* UIButton.swift */ = {isa = PBXFileReference; lastKnownFileType = sourcecode.swift; path = UIButton.swift; sourceTree = "<group>"; };
		B217D44D27B93DC500DBDED9 /* TriajViewController.swift */ = {isa = PBXFileReference; lastKnownFileType = sourcecode.swift; path = TriajViewController.swift; sourceTree = "<group>"; };
		B217D45427B940F600DBDED9 /* TriajSubviews.swift */ = {isa = PBXFileReference; lastKnownFileType = sourcecode.swift; path = TriajSubviews.swift; sourceTree = "<group>"; };
		B217D45627B9454500DBDED9 /* UIStackView.swift */ = {isa = PBXFileReference; lastKnownFileType = sourcecode.swift; path = UIStackView.swift; sourceTree = "<group>"; };
		B218CDBF27F848D00080CD55 /* Triaj.xib */ = {isa = PBXFileReference; lastKnownFileType = file.xib; path = Triaj.xib; sourceTree = "<group>"; };
		B218CDC127F849570080CD55 /* TestViewController.swift */ = {isa = PBXFileReference; lastKnownFileType = sourcecode.swift; path = TestViewController.swift; sourceTree = "<group>"; };
		B21B3F1827F851B0004171C6 /* TestViewTest.xib */ = {isa = PBXFileReference; lastKnownFileType = file.xib; path = TestViewTest.xib; sourceTree = "<group>"; };
		B21C965227B2BD5400C88A50 /* SimptomeAndPreventieViewController.swift */ = {isa = PBXFileReference; lastKnownFileType = sourcecode.swift; path = SimptomeAndPreventieViewController.swift; sourceTree = "<group>"; };
		B21C965327B2BD5400C88A50 /* SimptomeAndPreventieViewController.xib */ = {isa = PBXFileReference; lastKnownFileType = file.xib; path = SimptomeAndPreventieViewController.xib; sourceTree = "<group>"; };
		B21C965627B2CADA00C88A50 /* SimptomeAndPreventie.swift */ = {isa = PBXFileReference; lastKnownFileType = sourcecode.swift; path = SimptomeAndPreventie.swift; sourceTree = "<group>"; };
		B23935C028144DD400F4E0AA /* CoreData.swift */ = {isa = PBXFileReference; lastKnownFileType = sourcecode.swift; path = CoreData.swift; sourceTree = "<group>"; };
		B23DE45927B3BC4700FD2E10 /* Constraints.swift */ = {isa = PBXFileReference; lastKnownFileType = sourcecode.swift; path = Constraints.swift; sourceTree = "<group>"; };
		B23DE45B27B3D01700FD2E10 /* preventie3.json */ = {isa = PBXFileReference; fileEncoding = 4; lastKnownFileType = text.json; path = preventie3.json; sourceTree = "<group>"; };
		B23DE45C27B3D01700FD2E10 /* preventie4.json */ = {isa = PBXFileReference; fileEncoding = 4; lastKnownFileType = text.json; path = preventie4.json; sourceTree = "<group>"; };
		B23DE45D27B3D01700FD2E10 /* preventie2.json */ = {isa = PBXFileReference; fileEncoding = 4; lastKnownFileType = text.json; path = preventie2.json; sourceTree = "<group>"; };
		B23DE45E27B3D01700FD2E10 /* preventie5.json */ = {isa = PBXFileReference; fileEncoding = 4; lastKnownFileType = text.json; path = preventie5.json; sourceTree = "<group>"; };
		B23DE45F27B3D01700FD2E10 /* preventie1.json */ = {isa = PBXFileReference; fileEncoding = 4; lastKnownFileType = text.json; path = preventie1.json; sourceTree = "<group>"; };
		B23DE46527B3D02400FD2E10 /* simptome3.json */ = {isa = PBXFileReference; fileEncoding = 4; lastKnownFileType = text.json; path = simptome3.json; sourceTree = "<group>"; };
		B23DE46627B3D02400FD2E10 /* simptome1.json */ = {isa = PBXFileReference; fileEncoding = 4; lastKnownFileType = text.json; path = simptome1.json; sourceTree = "<group>"; };
		B23DE46727B3D02400FD2E10 /* simptome2.json */ = {isa = PBXFileReference; fileEncoding = 4; lastKnownFileType = text.json; path = simptome2.json; sourceTree = "<group>"; };
		B23DE46B27B3FC4D00FD2E10 /* UIColor.swift */ = {isa = PBXFileReference; lastKnownFileType = sourcecode.swift; path = UIColor.swift; sourceTree = "<group>"; };
		B23DE46D27B41F2B00FD2E10 /* Triaj.swift */ = {isa = PBXFileReference; lastKnownFileType = sourcecode.swift; path = Triaj.swift; sourceTree = "<group>"; };
		B23DE47927B44E3D00FD2E10 /* UILabel.swift */ = {isa = PBXFileReference; lastKnownFileType = sourcecode.swift; path = UILabel.swift; sourceTree = "<group>"; };
		B256059927B2AF8000FB039F /* SimptomeAndPreventieCollectionViewController.swift */ = {isa = PBXFileReference; lastKnownFileType = sourcecode.swift; path = SimptomeAndPreventieCollectionViewController.swift; sourceTree = "<group>"; };
		B256059B27B2AFB500FB039F /* CollectionViewLayouts.swift */ = {isa = PBXFileReference; lastKnownFileType = sourcecode.swift; path = CollectionViewLayouts.swift; sourceTree = "<group>"; };
		B259BF8427B6DFA5001F78A6 /* LaunchViewController.swift */ = {isa = PBXFileReference; lastKnownFileType = sourcecode.swift; path = LaunchViewController.swift; sourceTree = "<group>"; };
		B25AD33827A30B50009EAD38 /* UIView.swift */ = {isa = PBXFileReference; lastKnownFileType = sourcecode.swift; path = UIView.swift; sourceTree = "<group>"; };
		B25EAE5327F76DD400860B2F /* TabBarExtenstion.swift */ = {isa = PBXFileReference; lastKnownFileType = sourcecode.swift; path = TabBarExtenstion.swift; sourceTree = "<group>"; };
		B266A0F527EF12D0003806E7 /* NewsCardTransitionManager.swift */ = {isa = PBXFileReference; fileEncoding = 4; lastKnownFileType = sourcecode.swift; path = NewsCardTransitionManager.swift; sourceTree = "<group>"; };
		B266A12827EF1682003806E7 /* FullScreenCardView.swift */ = {isa = PBXFileReference; fileEncoding = 4; lastKnownFileType = sourcecode.swift; path = FullScreenCardView.swift; sourceTree = "<group>"; };
		B266A12A27EF25CC003806E7 /* CardView.swift */ = {isa = PBXFileReference; lastKnownFileType = sourcecode.swift; path = CardView.swift; sourceTree = "<group>"; };
		B266A12C27EF71AF003806E7 /* UIWindow.swift */ = {isa = PBXFileReference; lastKnownFileType = sourcecode.swift; path = UIWindow.swift; sourceTree = "<group>"; };
		B266A12E27EF7278003806E7 /* UITableView.swift */ = {isa = PBXFileReference; lastKnownFileType = sourcecode.swift; path = UITableView.swift; sourceTree = "<group>"; };
		B267D10E27F642B60069F2CE /* AccountViewController.swift */ = {isa = PBXFileReference; fileEncoding = 4; lastKnownFileType = sourcecode.swift; path = AccountViewController.swift; sourceTree = "<group>"; };
		B26CB67728148AF900345812 /* DataTypes.swift */ = {isa = PBXFileReference; lastKnownFileType = sourcecode.swift; path = DataTypes.swift; sourceTree = "<group>"; };
		B26CB67A28148F8E00345812 /* StatisticsConfiguration.swift */ = {isa = PBXFileReference; lastKnownFileType = sourcecode.swift; path = StatisticsConfiguration.swift; sourceTree = "<group>"; };
		B26CD2FD280602C100DE2780 /* StatisticsView.swift */ = {isa = PBXFileReference; lastKnownFileType = sourcecode.swift; path = StatisticsView.swift; sourceTree = "<group>"; };
		B278D50627A2848600511BB2 /* MainViewController.swift */ = {isa = PBXFileReference; lastKnownFileType = sourcecode.swift; path = MainViewController.swift; sourceTree = "<group>"; };
		B278D50827A2851A00511BB2 /* UserDefaults.swift */ = {isa = PBXFileReference; lastKnownFileType = sourcecode.swift; path = UserDefaults.swift; sourceTree = "<group>"; };
		B27AB17C27B66007009A2323 /* LottieAnimationView.swift */ = {isa = PBXFileReference; lastKnownFileType = sourcecode.swift; path = LottieAnimationView.swift; sourceTree = "<group>"; };
		B27C859428016BC0005F81DB /* StatisticsDataParseManager.swift */ = {isa = PBXFileReference; lastKnownFileType = sourcecode.swift; path = StatisticsDataParseManager.swift; sourceTree = "<group>"; };
		B281283427A5A69700DE7DB8 /* UIPageViewController.swift */ = {isa = PBXFileReference; lastKnownFileType = sourcecode.swift; path = UIPageViewController.swift; sourceTree = "<group>"; };
		B282BFF42813098E007ADE2F /* GoogleService-Info.plist */ = {isa = PBXFileReference; fileEncoding = 4; lastKnownFileType = text.plist.xml; path = "GoogleService-Info.plist"; sourceTree = "<group>"; };
		B289059327DA80720019205D /* LocalStorageManager.swift */ = {isa = PBXFileReference; lastKnownFileType = sourcecode.swift; path = LocalStorageManager.swift; sourceTree = "<group>"; };
		B289F88F27B9582A00E756EF /* TriajPageViewController.swift */ = {isa = PBXFileReference; lastKnownFileType = sourcecode.swift; path = TriajPageViewController.swift; sourceTree = "<group>"; };
		B29683852815CB8B006B6D57 /* Article+CoreDataClass.swift */ = {isa = PBXFileReference; lastKnownFileType = sourcecode.swift; path = "Article+CoreDataClass.swift"; sourceTree = SOURCE_ROOT; };
		B29683862815CB8B006B6D57 /* Article+CoreDataProperties.swift */ = {isa = PBXFileReference; lastKnownFileType = sourcecode.swift; path = "Article+CoreDataProperties.swift"; sourceTree = SOURCE_ROOT; };
		B29683872815CB8B006B6D57 /* MSPressBulettin+CoreDataClass.swift */ = {isa = PBXFileReference; lastKnownFileType = sourcecode.swift; path = "MSPressBulettin+CoreDataClass.swift"; sourceTree = SOURCE_ROOT; };
		B29683882815CB8B006B6D57 /* MSPressBulettin+CoreDataProperties.swift */ = {isa = PBXFileReference; lastKnownFileType = sourcecode.swift; path = "MSPressBulettin+CoreDataProperties.swift"; sourceTree = SOURCE_ROOT; };
		B29683912815D72A006B6D57 /* StatisticsData+CoreDataClass.swift */ = {isa = PBXFileReference; lastKnownFileType = sourcecode.swift; path = "StatisticsData+CoreDataClass.swift"; sourceTree = SOURCE_ROOT; };
		B29683922815D72A006B6D57 /* StatisticsData+CoreDataProperties.swift */ = {isa = PBXFileReference; lastKnownFileType = sourcecode.swift; path = "StatisticsData+CoreDataProperties.swift"; sourceTree = SOURCE_ROOT; };
		B29683952815E720006B6D57 /* loadingAnimation.json */ = {isa = PBXFileReference; fileEncoding = 4; lastKnownFileType = text.json; path = loadingAnimation.json; sourceTree = "<group>"; };
		B2976FD327B94F53006E4859 /* TriajActions.xib */ = {isa = PBXFileReference; lastKnownFileType = file.xib; path = TriajActions.xib; sourceTree = "<group>"; };
		B2976FD527B94F6C006E4859 /* TriajActions.swift */ = {isa = PBXFileReference; lastKnownFileType = sourcecode.swift; path = TriajActions.swift; sourceTree = "<group>"; };
		B2A389F327A442820005F9FD /* CustomNavigationBar.swift */ = {isa = PBXFileReference; lastKnownFileType = sourcecode.swift; path = CustomNavigationBar.swift; sourceTree = "<group>"; };
		B2B03FA927BEB36200A0F634 /* UIViewController.swift */ = {isa = PBXFileReference; lastKnownFileType = sourcecode.swift; path = UIViewController.swift; sourceTree = "<group>"; };
		B2B45D1927B2F34B00788918 /* SimptomeAndPreventieCollectionViewCell.swift */ = {isa = PBXFileReference; lastKnownFileType = sourcecode.swift; path = SimptomeAndPreventieCollectionViewCell.swift; sourceTree = "<group>"; };
		B2B5A9A92790939500FC4E61 /* onboarding2.json */ = {isa = PBXFileReference; fileEncoding = 4; lastKnownFileType = text.json; path = onboarding2.json; sourceTree = "<group>"; };
		B2B5A9AA2790939500FC4E61 /* onboarding4.1.json */ = {isa = PBXFileReference; fileEncoding = 4; lastKnownFileType = text.json; path = onboarding4.1.json; sourceTree = "<group>"; };
		B2B5A9AB2790939500FC4E61 /* onboarding1.json */ = {isa = PBXFileReference; fileEncoding = 4; lastKnownFileType = text.json; path = onboarding1.json; sourceTree = "<group>"; };
		B2B5A9AC2790939500FC4E61 /* onboarding3.json */ = {isa = PBXFileReference; fileEncoding = 4; lastKnownFileType = text.json; path = onboarding3.json; sourceTree = "<group>"; };
		B2B5A9AD2790939500FC4E61 /* onboarding4.2.json */ = {isa = PBXFileReference; fileEncoding = 4; lastKnownFileType = text.json; path = onboarding4.2.json; sourceTree = "<group>"; };
		B2B5A9AE2790939500FC4E61 /* onboarding4.json */ = {isa = PBXFileReference; fileEncoding = 4; lastKnownFileType = text.json; path = onboarding4.json; sourceTree = "<group>"; };
		B2B5A9AF2790939500FC4E61 /* onboarding5.json */ = {isa = PBXFileReference; fileEncoding = 4; lastKnownFileType = text.json; path = onboarding5.json; sourceTree = "<group>"; };
		B2B758DC2810086A00E9D078 /* UICollectionViewController.swift */ = {isa = PBXFileReference; fileEncoding = 4; lastKnownFileType = sourcecode.swift; path = UICollectionViewController.swift; sourceTree = "<group>"; };
		B2B758DE2810091500E9D078 /* XIB.swift */ = {isa = PBXFileReference; fileEncoding = 4; lastKnownFileType = sourcecode.swift; path = XIB.swift; sourceTree = "<group>"; };
		B2B758E128100BE600E9D078 /* ViewModelsData.swift */ = {isa = PBXFileReference; lastKnownFileType = sourcecode.swift; path = ViewModelsData.swift; sourceTree = "<group>"; };
		B2B8555B27EF7A6100793FC5 /* NewsViewController.swift */ = {isa = PBXFileReference; lastKnownFileType = sourcecode.swift; path = NewsViewController.swift; sourceTree = "<group>"; };
		B2BB039A27A9466700D4801B /* CustomTabBar.swift */ = {isa = PBXFileReference; lastKnownFileType = sourcecode.swift; path = CustomTabBar.swift; sourceTree = "<group>"; };
		B2BB039E27A998F700D4801B /* NavigationBar.swift */ = {isa = PBXFileReference; lastKnownFileType = sourcecode.swift; path = NavigationBar.swift; sourceTree = "<group>"; };
		B2BF961C28143270002493EE /* DataModel.xcdatamodel */ = {isa = PBXFileReference; lastKnownFileType = wrapper.xcdatamodel; path = DataModel.xcdatamodel; sourceTree = "<group>"; };
		B2C2E90827DA356B00A79D93 /* QRCodeManager.swift */ = {isa = PBXFileReference; lastKnownFileType = sourcecode.swift; path = QRCodeManager.swift; sourceTree = "<group>"; };
		B2C2E90C27DA4D3E00A79D93 /* EnrollCertifficateViewController.swift */ = {isa = PBXFileReference; lastKnownFileType = sourcecode.swift; path = EnrollCertifficateViewController.swift; sourceTree = "<group>"; };
		B2C59C2027A869340094A984 /* MainPageViewController.swift */ = {isa = PBXFileReference; lastKnownFileType = sourcecode.swift; path = MainPageViewController.swift; sourceTree = "<group>"; };
		B2CCB58827DB969E0076A52A /* HeaderPageViewController.swift */ = {isa = PBXFileReference; lastKnownFileType = sourcecode.swift; path = HeaderPageViewController.swift; sourceTree = "<group>"; };
		B2CCB58A27DB9A9D0076A52A /* HomeHeaders.swift */ = {isa = PBXFileReference; lastKnownFileType = sourcecode.swift; path = HomeHeaders.swift; sourceTree = "<group>"; };
		B2CCB59027DB9D160076A52A /* HomeViewController.swift */ = {isa = PBXFileReference; lastKnownFileType = sourcecode.swift; path = HomeViewController.swift; sourceTree = "<group>"; };
		B2D0724227CB81A600FA4BC6 /* UIDefaults.swift */ = {isa = PBXFileReference; lastKnownFileType = sourcecode.swift; path = UIDefaults.swift; sourceTree = "<group>"; };
		B2D0724627CB85A500FA4BC6 /* FontsManager.swift */ = {isa = PBXFileReference; lastKnownFileType = sourcecode.swift; path = FontsManager.swift; sourceTree = "<group>"; };
		B2DABD1327EB27DD00ECA4EB /* TrustedSourcesView.swift */ = {isa = PBXFileReference; lastKnownFileType = sourcecode.swift; path = TrustedSourcesView.swift; sourceTree = "<group>"; };
		B2DABD1527EB2A2500ECA4EB /* News.swift */ = {isa = PBXFileReference; lastKnownFileType = sourcecode.swift; path = News.swift; sourceTree = "<group>"; };
		B2DABD1727EB6D7700ECA4EB /* UIImage.swift */ = {isa = PBXFileReference; lastKnownFileType = sourcecode.swift; path = UIImage.swift; sourceTree = "<group>"; };
		B2DABD1927EB790F00ECA4EB /* Safari.swift */ = {isa = PBXFileReference; lastKnownFileType = sourcecode.swift; path = Safari.swift; sourceTree = "<group>"; };
		B2DC74C027B793F700078245 /* OnboardingCell.swift */ = {isa = PBXFileReference; lastKnownFileType = sourcecode.swift; path = OnboardingCell.swift; sourceTree = "<group>"; };
		B2DF4F2F27D8A15D0035D5B7 /* CertifficateView.swift */ = {isa = PBXFileReference; lastKnownFileType = sourcecode.swift; path = CertifficateView.swift; sourceTree = "<group>"; };
		B2E1938627BC245B00D0F057 /* PreventieAndSimptomeShortcut.xib */ = {isa = PBXFileReference; lastKnownFileType = file.xib; path = PreventieAndSimptomeShortcut.xib; sourceTree = "<group>"; };
		B2E1938827BC248200D0F057 /* PreventieAndSimptomeShortcut.swift */ = {isa = PBXFileReference; lastKnownFileType = sourcecode.swift; path = PreventieAndSimptomeShortcut.swift; sourceTree = "<group>"; };
		B2E597EC281441BD003B6219 /* DataRefreshManager.swift */ = {isa = PBXFileReference; lastKnownFileType = sourcecode.swift; path = DataRefreshManager.swift; sourceTree = "<group>"; };
		B2E6741A27A52A8F00F283B7 /* Onboarding.swift */ = {isa = PBXFileReference; lastKnownFileType = sourcecode.swift; path = Onboarding.swift; sourceTree = "<group>"; };
		B2F01E1F2807734B00D0AD6C /* CountiesEnums.swift */ = {isa = PBXFileReference; lastKnownFileType = sourcecode.swift; path = CountiesEnums.swift; sourceTree = "<group>"; };
		B2F48DD927AD1D37005EE116 /* HomePagePageViewController.swift */ = {isa = PBXFileReference; lastKnownFileType = sourcecode.swift; path = HomePagePageViewController.swift; sourceTree = "<group>"; };
		B2F48DDD27AD2453005EE116 /* Delegates.swift */ = {isa = PBXFileReference; lastKnownFileType = sourcecode.swift; path = Delegates.swift; sourceTree = "<group>"; };
		B2F48DDF27AD249A005EE116 /* Enums.swift */ = {isa = PBXFileReference; lastKnownFileType = sourcecode.swift; path = Enums.swift; sourceTree = "<group>"; };
		B2F48DE127AD25BC005EE116 /* EmbedView.swift */ = {isa = PBXFileReference; lastKnownFileType = sourcecode.swift; path = EmbedView.swift; sourceTree = "<group>"; };
		B2F650EF278F2BD900E1BB58 /* CovidInfo.app */ = {isa = PBXFileReference; explicitFileType = wrapper.application; includeInIndex = 0; path = CovidInfo.app; sourceTree = BUILT_PRODUCTS_DIR; };
		B2F650F2278F2BD900E1BB58 /* AppDelegate.swift */ = {isa = PBXFileReference; lastKnownFileType = sourcecode.swift; path = AppDelegate.swift; sourceTree = "<group>"; };
		B2F650F4278F2BD900E1BB58 /* SceneDelegate.swift */ = {isa = PBXFileReference; lastKnownFileType = sourcecode.swift; path = SceneDelegate.swift; sourceTree = "<group>"; };
		B2F650FE278F2BDB00E1BB58 /* Assets.xcassets */ = {isa = PBXFileReference; lastKnownFileType = folder.assetcatalog; path = Assets.xcassets; sourceTree = "<group>"; };
		B2F65101278F2BDB00E1BB58 /* Base */ = {isa = PBXFileReference; lastKnownFileType = file.storyboard; name = Base; path = Base.lproj/LaunchScreen.storyboard; sourceTree = "<group>"; };
		B2F65103278F2BDB00E1BB58 /* Info.plist */ = {isa = PBXFileReference; lastKnownFileType = text.plist.xml; path = Info.plist; sourceTree = "<group>"; };
		B2F65129278F32AF00E1BB58 /* IBMPlexSans-Light.ttf */ = {isa = PBXFileReference; lastKnownFileType = file; path = "IBMPlexSans-Light.ttf"; sourceTree = "<group>"; };
		B2F6512C278F32AF00E1BB58 /* IBMPlexSans-Bold.ttf */ = {isa = PBXFileReference; lastKnownFileType = file; path = "IBMPlexSans-Bold.ttf"; sourceTree = "<group>"; };
		B2F6512D278F32AF00E1BB58 /* IBMPlexSans-SemiBold.ttf */ = {isa = PBXFileReference; lastKnownFileType = file; path = "IBMPlexSans-SemiBold.ttf"; sourceTree = "<group>"; };
		B2F6512E278F32AF00E1BB58 /* IBMPlexSans-ExtraLight.ttf */ = {isa = PBXFileReference; lastKnownFileType = file; path = "IBMPlexSans-ExtraLight.ttf"; sourceTree = "<group>"; };
		B2F65132278F32B000E1BB58 /* IBMPlexSans-Regular.ttf */ = {isa = PBXFileReference; lastKnownFileType = file; path = "IBMPlexSans-Regular.ttf"; sourceTree = "<group>"; };
		B2F65133278F32B000E1BB58 /* IBMPlexSans-Medium.ttf */ = {isa = PBXFileReference; lastKnownFileType = file; path = "IBMPlexSans-Medium.ttf"; sourceTree = "<group>"; };
		DA375FD2761274C1B5136B25 /* Pods-CovidInfoTests.debug.xcconfig */ = {isa = PBXFileReference; includeInIndex = 1; lastKnownFileType = text.xcconfig; name = "Pods-CovidInfoTests.debug.xcconfig"; path = "Target Support Files/Pods-CovidInfoTests/Pods-CovidInfoTests.debug.xcconfig"; sourceTree = "<group>"; };
		F28191B4629CF06BA34CECF8 /* Pods-CovidInfoTests.release.xcconfig */ = {isa = PBXFileReference; includeInIndex = 1; lastKnownFileType = text.xcconfig; name = "Pods-CovidInfoTests.release.xcconfig"; path = "Target Support Files/Pods-CovidInfoTests/Pods-CovidInfoTests.release.xcconfig"; sourceTree = "<group>"; };
/* End PBXFileReference section */

/* Begin PBXFrameworksBuildPhase section */
		B2F650EC278F2BD900E1BB58 /* Frameworks */ = {
			isa = PBXFrameworksBuildPhase;
			buildActionMask = 2147483647;
			files = (
				B222EC762807B4DB0070397F /* OrderedCollections in Frameworks */,
				B222EC722807B4DB0070397F /* Collections in Frameworks */,
				B222EC742807B4DB0070397F /* DequeModule in Frameworks */,
				8C3127B2AFC78370A5578084 /* libPods-CovidInfo.a in Frameworks */,
				B23496E42802C07900E5B2FF /* SwiftUICharts in Frameworks */,
			);
			runOnlyForDeploymentPostprocessing = 0;
		};
/* End PBXFrameworksBuildPhase section */

/* Begin PBXGroup section */
		4D99F115CFF44766EBCEEA09 /* Pods */ = {
			isa = PBXGroup;
			children = (
				5ED1ACAC0B5BCABB0912F760 /* Pods-CovidInfo.debug.xcconfig */,
				6093B6C73F5FDA01AB286717 /* Pods-CovidInfo.release.xcconfig */,
				22F6C5A0490F046E87DD09B5 /* Pods-CovidInfo-CovidInfoUITests.debug.xcconfig */,
				3935D5315BEA97635D6E08EE /* Pods-CovidInfo-CovidInfoUITests.release.xcconfig */,
				DA375FD2761274C1B5136B25 /* Pods-CovidInfoTests.debug.xcconfig */,
				F28191B4629CF06BA34CECF8 /* Pods-CovidInfoTests.release.xcconfig */,
			);
			path = Pods;
			sourceTree = "<group>";
		};
		A3784BFB1DD50000EE142962 /* Frameworks */ = {
			isa = PBXGroup;
			children = (
				85B96E91060584C3BD08BA11 /* libPods-CovidInfo.a */,
			);
			name = Frameworks;
			sourceTree = "<group>";
		};
		B21C965827B2CAFF00C88A50 /* Simptome */ = {
			isa = PBXGroup;
			children = (
				B23DE46627B3D02400FD2E10 /* simptome1.json */,
				B23DE46727B3D02400FD2E10 /* simptome2.json */,
				B23DE46527B3D02400FD2E10 /* simptome3.json */,
			);
			path = Simptome;
			sourceTree = "<group>";
		};
		B21C965927B2CB0500C88A50 /* Preventie */ = {
			isa = PBXGroup;
			children = (
				B23DE45F27B3D01700FD2E10 /* preventie1.json */,
				B23DE45D27B3D01700FD2E10 /* preventie2.json */,
				B23DE45B27B3D01700FD2E10 /* preventie3.json */,
				B23DE45C27B3D01700FD2E10 /* preventie4.json */,
				B23DE45E27B3D01700FD2E10 /* preventie5.json */,
			);
			path = Preventie;
			sourceTree = "<group>";
		};
		B21C965A27B2CB0E00C88A50 /* Simptome and Preventie */ = {
			isa = PBXGroup;
			children = (
				B21C965927B2CB0500C88A50 /* Preventie */,
				B21C965827B2CAFF00C88A50 /* Simptome */,
			);
			path = "Simptome and Preventie";
			sourceTree = "<group>";
		};
		B23DC42027902EB800051C6C /* Resources */ = {
			isa = PBXGroup;
			children = (
				B2F650FE278F2BDB00E1BB58 /* Assets.xcassets */,
				B2B5A9A72790904600FC4E61 /* Lottie Animations */,
				B2F65127278F329000E1BB58 /* Fonts */,
			);
			path = Resources;
			sourceTree = "<group>";
		};
		B23DC42327902F0500051C6C /* Views */ = {
			isa = PBXGroup;
			children = (
				B2DC74C027B793F700078245 /* OnboardingCell.swift */,
				B2F48DE527AD340B005EE116 /* Navigation */,
				B25CC91C27AE6F76000D99F6 /* Home */,
				B2DF4F2E27D8A12F0035D5B7 /* Certifficate */,
			);
			path = Views;
			sourceTree = "<group>";
		};
		B23DC42427902F1E00051C6C /* View Controllers */ = {
			isa = PBXGroup;
			children = (
				B259BF8427B6DFA5001F78A6 /* LaunchViewController.swift */,
				B23DC43427906E4B00051C6C /* Onboarding */,
				B278D50627A2848600511BB2 /* MainViewController.swift */,
				B2F48DE827AD3543005EE116 /* News */,
				B26CB67928148F7D00345812 /* Statistics */,
				B267D10E27F642B60069F2CE /* AccountViewController.swift */,
			);
			path = "View Controllers";
			sourceTree = "<group>";
		};
		B23DC42527902F2A00051C6C /* Delegates */ = {
			isa = PBXGroup;
			children = (
				B2F650F2278F2BD900E1BB58 /* AppDelegate.swift */,
				B2F650F4278F2BD900E1BB58 /* SceneDelegate.swift */,
				B2F48DDD27AD2453005EE116 /* Delegates.swift */,
			);
			path = Delegates;
			sourceTree = "<group>";
		};
		B23DC42627902FD200051C6C /* Helpers */ = {
			isa = PBXGroup;
			children = (
				B256059B27B2AFB500FB039F /* CollectionViewLayouts.swift */,
				B23DE45927B3BC4700FD2E10 /* Constraints.swift */,
				B2F01E1F2807734B00D0AD6C /* CountiesEnums.swift */,
				B2F48DE127AD25BC005EE116 /* EmbedView.swift */,
				B2F48DDF27AD249A005EE116 /* Enums.swift */,
				B2B758DE2810091500E9D078 /* XIB.swift */,
				B23935C028144DD400F4E0AA /* CoreData.swift */,
			);
			path = Helpers;
			sourceTree = "<group>";
		};
		B23DC42F279030BC00051C6C /* Data */ = {
			isa = PBXGroup;
			children = (
				B2BF962228143555002493EE /* Data Models */,
				B23DC42027902EB800051C6C /* Resources */,
				B278D50827A2851A00511BB2 /* UserDefaults.swift */,
				B2D0724227CB81A600FA4BC6 /* UIDefaults.swift */,
				B2B758E128100BE600E9D078 /* ViewModelsData.swift */,
			);
			path = Data;
			sourceTree = "<group>";
		};
		B23DC43427906E4B00051C6C /* Onboarding */ = {
			isa = PBXGroup;
			children = (
				B206B62427B64D9100C371B2 /* OnboardingWelcomeViewController.swift */,
				B206B62827B6539400C371B2 /* OnboardingViewController.swift */,
			);
			path = Onboarding;
			sourceTree = "<group>";
		};
		B23DC43B2790709400051C6C /* Managers */ = {
			isa = PBXGroup;
			children = (
				B2049E4427FA325100303C6A /* ArticlesWebScraperManager.swift */,
				B289059327DA80720019205D /* LocalStorageManager.swift */,
				B266A0F527EF12D0003806E7 /* NewsCardTransitionManager.swift */,
				B2C2E90827DA356B00A79D93 /* QRCodeManager.swift */,
				B27C859428016BC0005F81DB /* StatisticsDataParseManager.swift */,
				B2E597EC281441BD003B6219 /* DataRefreshManager.swift */,
			);
			path = Managers;
			sourceTree = "<group>";
		};
		B23DE46F27B4206A00FD2E10 /* Triaj */ = {
			isa = PBXGroup;
			children = (
				B217D44D27B93DC500DBDED9 /* TriajViewController.swift */,
				B218CDBF27F848D00080CD55 /* Triaj.xib */,
				B217D45427B940F600DBDED9 /* TriajSubviews.swift */,
				B2976FD527B94F6C006E4859 /* TriajActions.swift */,
				B2976FD327B94F53006E4859 /* TriajActions.xib */,
			);
			path = Triaj;
			sourceTree = "<group>";
		};
		B256058827B2A1E000FB039F /* Simptome & Preventie */ = {
			isa = PBXGroup;
			children = (
				B256059927B2AF8000FB039F /* SimptomeAndPreventieCollectionViewController.swift */,
				B21C965227B2BD5400C88A50 /* SimptomeAndPreventieViewController.swift */,
				B21C965327B2BD5400C88A50 /* SimptomeAndPreventieViewController.xib */,
				B2B45D1927B2F34B00788918 /* SimptomeAndPreventieCollectionViewCell.swift */,
			);
			path = "Simptome & Preventie";
			sourceTree = "<group>";
		};
		B25AD33727A30B3D009EAD38 /* Extensions */ = {
			isa = PBXGroup;
			children = (
				B27AB17C27B66007009A2323 /* LottieAnimationView.swift */,
				B2DABD1927EB790F00ECA4EB /* Safari.swift */,
				B213E3F027CE5BF000A4E303 /* UIButton.swift */,
				B2B758DC2810086A00E9D078 /* UICollectionViewController.swift */,
				B23DE46B27B3FC4D00FD2E10 /* UIColor.swift */,
				B2DABD1727EB6D7700ECA4EB /* UIImage.swift */,
				B23DE47927B44E3D00FD2E10 /* UILabel.swift */,
				B281283427A5A69700DE7DB8 /* UIPageViewController.swift */,
				B217D45627B9454500DBDED9 /* UIStackView.swift */,
				B266A12E27EF7278003806E7 /* UITableView.swift */,
				B25AD33827A30B50009EAD38 /* UIView.swift */,
				B2B03FA927BEB36200A0F634 /* UIViewController.swift */,
				B266A12C27EF71AF003806E7 /* UIWindow.swift */,
				B26CB67728148AF900345812 /* DataTypes.swift */,
			);
			path = Extensions;
			sourceTree = "<group>";
		};
		B25CC91C27AE6F76000D99F6 /* Home */ = {
			isa = PBXGroup;
			children = (
				B2CCB59027DB9D160076A52A /* HomeViewController.swift */,
				B23DE46F27B4206A00FD2E10 /* Triaj */,
				B256058827B2A1E000FB039F /* Simptome & Preventie */,
			);
			path = Home;
			sourceTree = "<group>";
		};
		B26CB67928148F7D00345812 /* Statistics */ = {
			isa = PBXGroup;
			children = (
				B26CD2FD280602C100DE2780 /* StatisticsView.swift */,
				B26CB67A28148F8E00345812 /* StatisticsConfiguration.swift */,
			);
			path = Statistics;
			sourceTree = "<group>";
		};
		B2B5A9A72790904600FC4E61 /* Lottie Animations */ = {
			isa = PBXGroup;
			children = (
				B29683952815E720006B6D57 /* loadingAnimation.json */,
				B2B5A9A82790907700FC4E61 /* Onboarding */,
				B21C965A27B2CB0E00C88A50 /* Simptome and Preventie */,
			);
			path = "Lottie Animations";
			sourceTree = "<group>";
		};
		B2B5A9A82790907700FC4E61 /* Onboarding */ = {
			isa = PBXGroup;
			children = (
				B2B5A9AB2790939500FC4E61 /* onboarding1.json */,
				B2B5A9A92790939500FC4E61 /* onboarding2.json */,
				B2B5A9AC2790939500FC4E61 /* onboarding3.json */,
				B2B5A9AA2790939500FC4E61 /* onboarding4.1.json */,
				B2B5A9AD2790939500FC4E61 /* onboarding4.2.json */,
				B2B5A9AE2790939500FC4E61 /* onboarding4.json */,
				B2B5A9AF2790939500FC4E61 /* onboarding5.json */,
			);
			path = Onboarding;
			sourceTree = "<group>";
		};
		B2B758E028100B6500E9D078 /* View Models */ = {
			isa = PBXGroup;
			children = (
				B2CCB58A27DB9A9D0076A52A /* HomeHeaders.swift */,
				B2BB039E27A998F700D4801B /* NavigationBar.swift */,
				B2DABD1527EB2A2500ECA4EB /* News.swift */,
				B2E6741A27A52A8F00F283B7 /* Onboarding.swift */,
				B21C965627B2CADA00C88A50 /* SimptomeAndPreventie.swift */,
				B23DE46D27B41F2B00FD2E10 /* Triaj.swift */,
			);
			path = "View Models";
			sourceTree = "<group>";
		};
		B2BF2C2D27EF78B9008C1FC5 /* Card VIews */ = {
			isa = PBXGroup;
			children = (
				B266A12A27EF25CC003806E7 /* CardView.swift */,
				B266A12827EF1682003806E7 /* FullScreenCardView.swift */,
			);
			path = "Card VIews";
			sourceTree = "<group>";
		};
		B2BF962228143555002493EE /* Data Models */ = {
			isa = PBXGroup;
			children = (
				B2BF961B28143270002493EE /* DataModel.xcdatamodeld */,
				B29683852815CB8B006B6D57 /* Article+CoreDataClass.swift */,
				B29683862815CB8B006B6D57 /* Article+CoreDataProperties.swift */,
				B29683872815CB8B006B6D57 /* MSPressBulettin+CoreDataClass.swift */,
				B29683882815CB8B006B6D57 /* MSPressBulettin+CoreDataProperties.swift */,
				B29683912815D72A006B6D57 /* StatisticsData+CoreDataClass.swift */,
				B29683922815D72A006B6D57 /* StatisticsData+CoreDataProperties.swift */,
			);
			path = "Data Models";
			sourceTree = "<group>";
		};
		B2DF4F2E27D8A12F0035D5B7 /* Certifficate */ = {
			isa = PBXGroup;
			children = (
				B2DF4F2F27D8A15D0035D5B7 /* CertifficateView.swift */,
				B2C2E90C27DA4D3E00A79D93 /* EnrollCertifficateViewController.swift */,
				B20623FA27DA555400CD985E /* EnrollCertifficateViewController.xib */,
			);
			path = Certifficate;
			sourceTree = "<group>";
		};
		B2E1938527BC240600D0F057 /* View Shortcuts */ = {
			isa = PBXGroup;
			children = (
				B2E1938627BC245B00D0F057 /* PreventieAndSimptomeShortcut.xib */,
				B2E1938827BC248200D0F057 /* PreventieAndSimptomeShortcut.swift */,
			);
			path = "View Shortcuts";
			sourceTree = "<group>";
		};
		B2F48DE327AD32C0005EE116 /* Page View Controllers */ = {
			isa = PBXGroup;
			children = (
				B201DD3227B8E89600C34C41 /* OnboardingPageViewController.swift */,
				B2C59C2027A869340094A984 /* MainPageViewController.swift */,
				B2F48DD927AD1D37005EE116 /* HomePagePageViewController.swift */,
				B289F88F27B9582A00E756EF /* TriajPageViewController.swift */,
				B2CCB58827DB969E0076A52A /* HeaderPageViewController.swift */,
			);
			path = "Page View Controllers";
			sourceTree = "<group>";
		};
		B2F48DE527AD340B005EE116 /* Navigation */ = {
			isa = PBXGroup;
			children = (
				B2A389F327A442820005F9FD /* CustomNavigationBar.swift */,
				B2BB039A27A9466700D4801B /* CustomTabBar.swift */,
				B25EAE5327F76DD400860B2F /* TabBarExtenstion.swift */,
			);
			path = Navigation;
			sourceTree = "<group>";
		};
		B2F48DE827AD3543005EE116 /* News */ = {
			isa = PBXGroup;
			children = (
				B2B8555B27EF7A6100793FC5 /* NewsViewController.swift */,
				B2DABD1327EB27DD00ECA4EB /* TrustedSourcesView.swift */,
				B2BF2C2D27EF78B9008C1FC5 /* Card VIews */,
			);
			path = News;
			sourceTree = "<group>";
		};
		B2F650E6278F2BD900E1BB58 = {
			isa = PBXGroup;
			children = (
				B2F650F1278F2BD900E1BB58 /* CovidInfo */,
				B2F650F0278F2BD900E1BB58 /* Products */,
				4D99F115CFF44766EBCEEA09 /* Pods */,
				A3784BFB1DD50000EE142962 /* Frameworks */,
			);
			sourceTree = "<group>";
		};
		B2F650F0278F2BD900E1BB58 /* Products */ = {
			isa = PBXGroup;
			children = (
				B2F650EF278F2BD900E1BB58 /* CovidInfo.app */,
			);
			name = Products;
			sourceTree = "<group>";
		};
		B2F650F1278F2BD900E1BB58 /* CovidInfo */ = {
			isa = PBXGroup;
			children = (
				B23DC42527902F2A00051C6C /* Delegates */,
				B25AD33727A30B3D009EAD38 /* Extensions */,
				B23DC42627902FD200051C6C /* Helpers */,
				B23DC43B2790709400051C6C /* Managers */,
				B2B758E028100B6500E9D078 /* View Models */,
				B23DC42F279030BC00051C6C /* Data */,
				B2F48DE327AD32C0005EE116 /* Page View Controllers */,
				B23DC42427902F1E00051C6C /* View Controllers */,
				B23DC42327902F0500051C6C /* Views */,
				B2E1938527BC240600D0F057 /* View Shortcuts */,
				B2F65100278F2BDB00E1BB58 /* LaunchScreen.storyboard */,
				B218CDC127F849570080CD55 /* TestViewController.swift */,
				B21B3F1827F851B0004171C6 /* TestViewTest.xib */,
				B282BFF42813098E007ADE2F /* GoogleService-Info.plist */,
				B2F65103278F2BDB00E1BB58 /* Info.plist */,
			);
			path = CovidInfo;
			sourceTree = "<group>";
		};
		B2F65127278F329000E1BB58 /* Fonts */ = {
			isa = PBXGroup;
			children = (
				B2D0724627CB85A500FA4BC6 /* FontsManager.swift */,
				B2F6512C278F32AF00E1BB58 /* IBMPlexSans-Bold.ttf */,
				B2F6512E278F32AF00E1BB58 /* IBMPlexSans-ExtraLight.ttf */,
				B2F65129278F32AF00E1BB58 /* IBMPlexSans-Light.ttf */,
				B2F65133278F32B000E1BB58 /* IBMPlexSans-Medium.ttf */,
				B2F65132278F32B000E1BB58 /* IBMPlexSans-Regular.ttf */,
				B2F6512D278F32AF00E1BB58 /* IBMPlexSans-SemiBold.ttf */,
			);
			path = Fonts;
			sourceTree = "<group>";
		};
/* End PBXGroup section */

/* Begin PBXNativeTarget section */
		B2F650EE278F2BD900E1BB58 /* CovidInfo */ = {
			isa = PBXNativeTarget;
			buildConfigurationList = B2F6511C278F2BDB00E1BB58 /* Build configuration list for PBXNativeTarget "CovidInfo" */;
			buildPhases = (
				08B41DDAB57DEA6731778CB7 /* [CP] Check Pods Manifest.lock */,
				B2F650EB278F2BD900E1BB58 /* Sources */,
				B2F650EC278F2BD900E1BB58 /* Frameworks */,
				B2F650ED278F2BD900E1BB58 /* Resources */,
				B2D30B6A281571DE009FB6CB /* ShellScript */,
			);
			buildRules = (
			);
			dependencies = (
			);
			name = CovidInfo;
			packageProductDependencies = (
				B23496E32802C07900E5B2FF /* SwiftUICharts */,
				B222EC712807B4DB0070397F /* Collections */,
				B222EC732807B4DB0070397F /* DequeModule */,
				B222EC752807B4DB0070397F /* OrderedCollections */,
			);
			productName = CovidInfo;
			productReference = B2F650EF278F2BD900E1BB58 /* CovidInfo.app */;
			productType = "com.apple.product-type.application";
		};
/* End PBXNativeTarget section */

/* Begin PBXProject section */
		B2F650E7278F2BD900E1BB58 /* Project object */ = {
			isa = PBXProject;
			attributes = {
				BuildIndependentTargetsInParallel = 1;
				LastSwiftUpdateCheck = 1320;
				LastUpgradeCheck = 1320;
				TargetAttributes = {
					B2F650EE278F2BD900E1BB58 = {
						CreatedOnToolsVersion = 13.2.1;
					};
				};
			};
			buildConfigurationList = B2F650EA278F2BD900E1BB58 /* Build configuration list for PBXProject "CovidInfo" */;
			compatibilityVersion = "Xcode 13.0";
			developmentRegion = en;
			hasScannedForEncodings = 0;
			knownRegions = (
				en,
				Base,
			);
			mainGroup = B2F650E6278F2BD900E1BB58;
			packageReferences = (
				B23496E22802C07900E5B2FF /* XCRemoteSwiftPackageReference "ChartView" */,
				B222EC702807B4DB0070397F /* XCRemoteSwiftPackageReference "swift-collections" */,
			);
			productRefGroup = B2F650F0278F2BD900E1BB58 /* Products */;
			projectDirPath = "";
			projectRoot = "";
			targets = (
				B2F650EE278F2BD900E1BB58 /* CovidInfo */,
			);
		};
/* End PBXProject section */

/* Begin PBXResourcesBuildPhase section */
		B2F650ED278F2BD900E1BB58 /* Resources */ = {
			isa = PBXResourcesBuildPhase;
			buildActionMask = 2147483647;
			files = (
				B2F65139278F32B000E1BB58 /* IBMPlexSans-Light.ttf in Resources */,
				B2B5A9B22790939500FC4E61 /* onboarding1.json in Resources */,
				B2F65145278F32B000E1BB58 /* IBMPlexSans-SemiBold.ttf in Resources */,
				B2F65102278F2BDB00E1BB58 /* LaunchScreen.storyboard in Resources */,
				B23DE46327B3D01700FD2E10 /* preventie5.json in Resources */,
				B2F65157278F32B000E1BB58 /* IBMPlexSans-Medium.ttf in Resources */,
				B2F65148278F32B000E1BB58 /* IBMPlexSans-ExtraLight.ttf in Resources */,
				B23DE46227B3D01700FD2E10 /* preventie2.json in Resources */,
				B21C965527B2BD5400C88A50 /* SimptomeAndPreventieViewController.xib in Resources */,
				B2B5A9B62790939500FC4E61 /* onboarding5.json in Resources */,
				B2B5A9B02790939500FC4E61 /* onboarding2.json in Resources */,
				B2F65154278F32B000E1BB58 /* IBMPlexSans-Regular.ttf in Resources */,
				B218CDC027F848D00080CD55 /* Triaj.xib in Resources */,
				B23DE46027B3D01700FD2E10 /* preventie3.json in Resources */,
				B2B5A9B32790939500FC4E61 /* onboarding3.json in Resources */,
				B2F650FF278F2BDB00E1BB58 /* Assets.xcassets in Resources */,
				B21B3F1927F851B0004171C6 /* TestViewTest.xib in Resources */,
				B282BFF52813098E007ADE2F /* GoogleService-Info.plist in Resources */,
				B2B5A9B12790939500FC4E61 /* onboarding4.1.json in Resources */,
				B2B5A9B42790939500FC4E61 /* onboarding4.2.json in Resources */,
				B2E1938727BC245B00D0F057 /* PreventieAndSimptomeShortcut.xib in Resources */,
				B23DE46827B3D02400FD2E10 /* simptome3.json in Resources */,
				B23DE46A27B3D02400FD2E10 /* simptome2.json in Resources */,
				B29683962815E720006B6D57 /* loadingAnimation.json in Resources */,
				B23DE46427B3D01700FD2E10 /* preventie1.json in Resources */,
				B23DE46127B3D01700FD2E10 /* preventie4.json in Resources */,
				B2F65142278F32B000E1BB58 /* IBMPlexSans-Bold.ttf in Resources */,
				B2976FD427B94F53006E4859 /* TriajActions.xib in Resources */,
				B20623FB27DA555400CD985E /* EnrollCertifficateViewController.xib in Resources */,
				B2B5A9B52790939500FC4E61 /* onboarding4.json in Resources */,
				B23DE46927B3D02400FD2E10 /* simptome1.json in Resources */,
			);
			runOnlyForDeploymentPostprocessing = 0;
		};
/* End PBXResourcesBuildPhase section */

/* Begin PBXShellScriptBuildPhase section */
		08B41DDAB57DEA6731778CB7 /* [CP] Check Pods Manifest.lock */ = {
			isa = PBXShellScriptBuildPhase;
			buildActionMask = 2147483647;
			files = (
			);
			inputFileListPaths = (
			);
			inputPaths = (
				"${PODS_PODFILE_DIR_PATH}/Podfile.lock",
				"${PODS_ROOT}/Manifest.lock",
			);
			name = "[CP] Check Pods Manifest.lock";
			outputFileListPaths = (
			);
			outputPaths = (
				"$(DERIVED_FILE_DIR)/Pods-CovidInfo-checkManifestLockResult.txt",
			);
			runOnlyForDeploymentPostprocessing = 0;
			shellPath = /bin/sh;
			shellScript = "diff \"${PODS_PODFILE_DIR_PATH}/Podfile.lock\" \"${PODS_ROOT}/Manifest.lock\" > /dev/null\nif [ $? != 0 ] ; then\n    # print error to STDERR\n    echo \"error: The sandbox is not in sync with the Podfile.lock. Run 'pod install' or update your CocoaPods installation.\" >&2\n    exit 1\nfi\n# This output is used by Xcode 'outputs' to avoid re-running this script phase.\necho \"SUCCESS\" > \"${SCRIPT_OUTPUT_FILE_0}\"\n";
			showEnvVarsInLog = 0;
		};
		B2D30B6A281571DE009FB6CB /* ShellScript */ = {
			isa = PBXShellScriptBuildPhase;
			buildActionMask = 2147483647;
			files = (
			);
			inputFileListPaths = (
			);
			inputPaths = (
				"${DWARF_DSYM_FOLDER_PATH}/${DWARF_DSYM_FILE_NAME}/Contents/Resources/DWARF/${TARGET_NAME}",
				"$(SRCROOT)/$(BUILT_PRODUCTS_DIR)/$(INFOPLIST_PATH)",
			);
			outputFileListPaths = (
			);
			outputPaths = (
			);
			runOnlyForDeploymentPostprocessing = 0;
			shellPath = /bin/sh;
			shellScript = "\"${BUILD_DIR%/Build/*}/SourcePackages/checkouts/firebase-ios-sdk/Crashlytics/run\"\n";
		};
/* End PBXShellScriptBuildPhase section */

/* Begin PBXSourcesBuildPhase section */
		B2F650EB278F2BD900E1BB58 /* Sources */ = {
			isa = PBXSourcesBuildPhase;
			buildActionMask = 2147483647;
			files = (
				B27C859528016BC0005F81DB /* StatisticsDataParseManager.swift in Sources */,
				B2F650F3278F2BD900E1BB58 /* AppDelegate.swift in Sources */,
				B2F48DE227AD25BC005EE116 /* EmbedView.swift in Sources */,
				B266A12D27EF71AF003806E7 /* UIWindow.swift in Sources */,
				B2D0724327CB81A600FA4BC6 /* UIDefaults.swift in Sources */,
				B2F48DDB27AD1D37005EE116 /* HomePagePageViewController.swift in Sources */,
				B2B8555C27EF7A6100793FC5 /* NewsViewController.swift in Sources */,
				B23935C128144DD400F4E0AA /* CoreData.swift in Sources */,
				B289059427DA80720019205D /* LocalStorageManager.swift in Sources */,
				B2DABD1627EB2A2500ECA4EB /* News.swift in Sources */,
				B2BB039F27A998F700D4801B /* NavigationBar.swift in Sources */,
				B2CCB58B27DB9A9D0076A52A /* HomeHeaders.swift in Sources */,
				B281283527A5A69700DE7DB8 /* UIPageViewController.swift in Sources */,
				B2976FD627B94F6C006E4859 /* TriajActions.swift in Sources */,
				B218CDC227F849580080CD55 /* TestViewController.swift in Sources */,
				B2C59C2127A869340094A984 /* MainPageViewController.swift in Sources */,
				B23DE45A27B3BC4700FD2E10 /* Constraints.swift in Sources */,
				B2F650F5278F2BD900E1BB58 /* SceneDelegate.swift in Sources */,
				B256059A27B2AF8000FB039F /* SimptomeAndPreventieCollectionViewController.swift in Sources */,
				B2049E4527FA325100303C6A /* ArticlesWebScraperManager.swift in Sources */,
				B2DF4F3027D8A15D0035D5B7 /* CertifficateView.swift in Sources */,
				B2B758E228100BE600E9D078 /* ViewModelsData.swift in Sources */,
				B2DABD1827EB6D7700ECA4EB /* UIImage.swift in Sources */,
				B2BB039B27A9466700D4801B /* CustomTabBar.swift in Sources */,
				B2B758DF2810091500E9D078 /* XIB.swift in Sources */,
				B2F48DE027AD249A005EE116 /* Enums.swift in Sources */,
				B27AB17D27B66007009A2323 /* LottieAnimationView.swift in Sources */,
				B296838E2815CB8B006B6D57 /* MSPressBulettin+CoreDataProperties.swift in Sources */,
				B2E597ED281441BD003B6219 /* DataRefreshManager.swift in Sources */,
				B278D50927A2851A00511BB2 /* UserDefaults.swift in Sources */,
				B21C965727B2CADA00C88A50 /* SimptomeAndPreventie.swift in Sources */,
				B217D44F27B93DC500DBDED9 /* TriajViewController.swift in Sources */,
				B2BF961D28143270002493EE /* DataModel.xcdatamodeld in Sources */,
				B2C2E90927DA356B00A79D93 /* QRCodeManager.swift in Sources */,
				B266A12927EF1682003806E7 /* FullScreenCardView.swift in Sources */,
				B2F48DDE27AD2453005EE116 /* Delegates.swift in Sources */,
				B23DE46E27B41F2C00FD2E10 /* Triaj.swift in Sources */,
				B21C965427B2BD5400C88A50 /* SimptomeAndPreventieViewController.swift in Sources */,
				B29683932815D72A006B6D57 /* StatisticsData+CoreDataClass.swift in Sources */,
				B259BF8527B6DFA5001F78A6 /* LaunchViewController.swift in Sources */,
				B2B03FAA27BEB36200A0F634 /* UIViewController.swift in Sources */,
				B206B62A27B6539400C371B2 /* OnboardingViewController.swift in Sources */,
				B29683942815D72A006B6D57 /* StatisticsData+CoreDataProperties.swift in Sources */,
				B26CB67828148AF900345812 /* DataTypes.swift in Sources */,
				B2B45D1A27B2F34B00788918 /* SimptomeAndPreventieCollectionViewCell.swift in Sources */,
				B2DABD1A27EB790F00ECA4EB /* Safari.swift in Sources */,
				B25EAE5427F76DD400860B2F /* TabBarExtenstion.swift in Sources */,
				B2C2E90D27DA4D3E00A79D93 /* EnrollCertifficateViewController.swift in Sources */,
				B267D10F27F642B60069F2CE /* AccountViewController.swift in Sources */,
				B266A11527EF12D0003806E7 /* NewsCardTransitionManager.swift in Sources */,
				B2A389F427A442820005F9FD /* CustomNavigationBar.swift in Sources */,
				B26CD2FE280602C100DE2780 /* StatisticsView.swift in Sources */,
				B296838D2815CB8B006B6D57 /* MSPressBulettin+CoreDataClass.swift in Sources */,
				B23DE47A27B44E3D00FD2E10 /* UILabel.swift in Sources */,
				B256059C27B2AFB500FB039F /* CollectionViewLayouts.swift in Sources */,
				B2CCB59227DB9D160076A52A /* HomeViewController.swift in Sources */,
				B2F01E202807734B00D0AD6C /* CountiesEnums.swift in Sources */,
				B23DE46C27B3FC4D00FD2E10 /* UIColor.swift in Sources */,
				B2D0724727CB85A500FA4BC6 /* FontsManager.swift in Sources */,
				B266A12F27EF7278003806E7 /* UITableView.swift in Sources */,
				B206B62627B64D9100C371B2 /* OnboardingWelcomeViewController.swift in Sources */,
				B217D45727B9454500DBDED9 /* UIStackView.swift in Sources */,
				B2DABD1427EB27DD00ECA4EB /* TrustedSourcesView.swift in Sources */,
				B2E1938927BC248200D0F057 /* PreventieAndSimptomeShortcut.swift in Sources */,
				B2E6741B27A52A8F00F283B7 /* Onboarding.swift in Sources */,
				B296838B2815CB8B006B6D57 /* Article+CoreDataClass.swift in Sources */,
				B2DC74C227B793F700078245 /* OnboardingCell.swift in Sources */,
				B266A12B27EF25CC003806E7 /* CardView.swift in Sources */,
				B278D50727A2848600511BB2 /* MainViewController.swift in Sources */,
				B25AD33927A30B50009EAD38 /* UIView.swift in Sources */,
				B217D45527B940F600DBDED9 /* TriajSubviews.swift in Sources */,
				B201DD3327B8E89600C34C41 /* OnboardingPageViewController.swift in Sources */,
				B2B758DD2810086A00E9D078 /* UICollectionViewController.swift in Sources */,
				B289F89027B9582A00E756EF /* TriajPageViewController.swift in Sources */,
				B296838C2815CB8B006B6D57 /* Article+CoreDataProperties.swift in Sources */,
				B26CB67B28148F8E00345812 /* StatisticsConfiguration.swift in Sources */,
				B213E3F127CE5BF000A4E303 /* UIButton.swift in Sources */,
				B2CCB58927DB969E0076A52A /* HeaderPageViewController.swift in Sources */,
			);
			runOnlyForDeploymentPostprocessing = 0;
		};
/* End PBXSourcesBuildPhase section */

/* Begin PBXVariantGroup section */
		B2F65100278F2BDB00E1BB58 /* LaunchScreen.storyboard */ = {
			isa = PBXVariantGroup;
			children = (
				B2F65101278F2BDB00E1BB58 /* Base */,
			);
			name = LaunchScreen.storyboard;
			sourceTree = "<group>";
		};
/* End PBXVariantGroup section */

/* Begin XCBuildConfiguration section */
		B2F6511A278F2BDB00E1BB58 /* Debug */ = {
			isa = XCBuildConfiguration;
			buildSettings = {
				ALWAYS_SEARCH_USER_PATHS = NO;
				CLANG_ANALYZER_NONNULL = YES;
				CLANG_ANALYZER_NUMBER_OBJECT_CONVERSION = YES_AGGRESSIVE;
				CLANG_CXX_LANGUAGE_STANDARD = "gnu++17";
				CLANG_CXX_LIBRARY = "libc++";
				CLANG_ENABLE_MODULES = YES;
				CLANG_ENABLE_OBJC_ARC = YES;
				CLANG_ENABLE_OBJC_WEAK = YES;
				CLANG_WARN_BLOCK_CAPTURE_AUTORELEASING = YES;
				CLANG_WARN_BOOL_CONVERSION = YES;
				CLANG_WARN_COMMA = YES;
				CLANG_WARN_CONSTANT_CONVERSION = YES;
				CLANG_WARN_DEPRECATED_OBJC_IMPLEMENTATIONS = YES;
				CLANG_WARN_DIRECT_OBJC_ISA_USAGE = YES_ERROR;
				CLANG_WARN_DOCUMENTATION_COMMENTS = YES;
				CLANG_WARN_EMPTY_BODY = YES;
				CLANG_WARN_ENUM_CONVERSION = YES;
				CLANG_WARN_INFINITE_RECURSION = YES;
				CLANG_WARN_INT_CONVERSION = YES;
				CLANG_WARN_NON_LITERAL_NULL_CONVERSION = YES;
				CLANG_WARN_OBJC_IMPLICIT_RETAIN_SELF = YES;
				CLANG_WARN_OBJC_LITERAL_CONVERSION = YES;
				CLANG_WARN_OBJC_ROOT_CLASS = YES_ERROR;
				CLANG_WARN_QUOTED_INCLUDE_IN_FRAMEWORK_HEADER = YES;
				CLANG_WARN_RANGE_LOOP_ANALYSIS = YES;
				CLANG_WARN_STRICT_PROTOTYPES = YES;
				CLANG_WARN_SUSPICIOUS_MOVE = YES;
				CLANG_WARN_UNGUARDED_AVAILABILITY = YES_AGGRESSIVE;
				CLANG_WARN_UNREACHABLE_CODE = YES;
				CLANG_WARN__DUPLICATE_METHOD_MATCH = YES;
				COPY_PHASE_STRIP = NO;
				DEBUG_INFORMATION_FORMAT = dwarf;
				ENABLE_STRICT_OBJC_MSGSEND = YES;
				ENABLE_TESTABILITY = YES;
				GCC_C_LANGUAGE_STANDARD = gnu11;
				GCC_DYNAMIC_NO_PIC = NO;
				GCC_NO_COMMON_BLOCKS = YES;
				GCC_OPTIMIZATION_LEVEL = 0;
				GCC_PREPROCESSOR_DEFINITIONS = (
					"DEBUG=1",
					"$(inherited)",
				);
				GCC_WARN_64_TO_32_BIT_CONVERSION = YES;
				GCC_WARN_ABOUT_RETURN_TYPE = YES_ERROR;
				GCC_WARN_UNDECLARED_SELECTOR = YES;
				GCC_WARN_UNINITIALIZED_AUTOS = YES_AGGRESSIVE;
				GCC_WARN_UNUSED_FUNCTION = YES;
				GCC_WARN_UNUSED_VARIABLE = YES;
				IPHONEOS_DEPLOYMENT_TARGET = 15.0;
				MOMC_NO_INVERSE_RELATIONSHIP_WARNINGS = YES;
				MTL_ENABLE_DEBUG_INFO = INCLUDE_SOURCE;
				MTL_FAST_MATH = YES;
				ONLY_ACTIVE_ARCH = YES;
				SDKROOT = iphoneos;
				SWIFT_ACTIVE_COMPILATION_CONDITIONS = DEBUG;
				SWIFT_OPTIMIZATION_LEVEL = "-Onone";
			};
			name = Debug;
		};
		B2F6511B278F2BDB00E1BB58 /* Release */ = {
			isa = XCBuildConfiguration;
			buildSettings = {
				ALWAYS_SEARCH_USER_PATHS = NO;
				CLANG_ANALYZER_NONNULL = YES;
				CLANG_ANALYZER_NUMBER_OBJECT_CONVERSION = YES_AGGRESSIVE;
				CLANG_CXX_LANGUAGE_STANDARD = "gnu++17";
				CLANG_CXX_LIBRARY = "libc++";
				CLANG_ENABLE_MODULES = YES;
				CLANG_ENABLE_OBJC_ARC = YES;
				CLANG_ENABLE_OBJC_WEAK = YES;
				CLANG_WARN_BLOCK_CAPTURE_AUTORELEASING = YES;
				CLANG_WARN_BOOL_CONVERSION = YES;
				CLANG_WARN_COMMA = YES;
				CLANG_WARN_CONSTANT_CONVERSION = YES;
				CLANG_WARN_DEPRECATED_OBJC_IMPLEMENTATIONS = YES;
				CLANG_WARN_DIRECT_OBJC_ISA_USAGE = YES_ERROR;
				CLANG_WARN_DOCUMENTATION_COMMENTS = YES;
				CLANG_WARN_EMPTY_BODY = YES;
				CLANG_WARN_ENUM_CONVERSION = YES;
				CLANG_WARN_INFINITE_RECURSION = YES;
				CLANG_WARN_INT_CONVERSION = YES;
				CLANG_WARN_NON_LITERAL_NULL_CONVERSION = YES;
				CLANG_WARN_OBJC_IMPLICIT_RETAIN_SELF = YES;
				CLANG_WARN_OBJC_LITERAL_CONVERSION = YES;
				CLANG_WARN_OBJC_ROOT_CLASS = YES_ERROR;
				CLANG_WARN_QUOTED_INCLUDE_IN_FRAMEWORK_HEADER = YES;
				CLANG_WARN_RANGE_LOOP_ANALYSIS = YES;
				CLANG_WARN_STRICT_PROTOTYPES = YES;
				CLANG_WARN_SUSPICIOUS_MOVE = YES;
				CLANG_WARN_UNGUARDED_AVAILABILITY = YES_AGGRESSIVE;
				CLANG_WARN_UNREACHABLE_CODE = YES;
				CLANG_WARN__DUPLICATE_METHOD_MATCH = YES;
				COPY_PHASE_STRIP = NO;
				DEBUG_INFORMATION_FORMAT = "dwarf-with-dsym";
				ENABLE_NS_ASSERTIONS = NO;
				ENABLE_STRICT_OBJC_MSGSEND = YES;
				GCC_C_LANGUAGE_STANDARD = gnu11;
				GCC_NO_COMMON_BLOCKS = YES;
				GCC_WARN_64_TO_32_BIT_CONVERSION = YES;
				GCC_WARN_ABOUT_RETURN_TYPE = YES_ERROR;
				GCC_WARN_UNDECLARED_SELECTOR = YES;
				GCC_WARN_UNINITIALIZED_AUTOS = YES_AGGRESSIVE;
				GCC_WARN_UNUSED_FUNCTION = YES;
				GCC_WARN_UNUSED_VARIABLE = YES;
				IPHONEOS_DEPLOYMENT_TARGET = 15.0;
				MOMC_NO_INVERSE_RELATIONSHIP_WARNINGS = YES;
				MTL_ENABLE_DEBUG_INFO = NO;
				MTL_FAST_MATH = YES;
				SDKROOT = iphoneos;
				SWIFT_COMPILATION_MODE = wholemodule;
				SWIFT_OPTIMIZATION_LEVEL = "-O";
				VALIDATE_PRODUCT = YES;
			};
			name = Release;
		};
		B2F6511D278F2BDB00E1BB58 /* Debug */ = {
			isa = XCBuildConfiguration;
			baseConfigurationReference = 5ED1ACAC0B5BCABB0912F760 /* Pods-CovidInfo.debug.xcconfig */;
			buildSettings = {
				ASSETCATALOG_COMPILER_APPICON_NAME = AppIcon;
				ASSETCATALOG_COMPILER_GLOBAL_ACCENT_COLOR_NAME = AccentColor;
				CODE_SIGN_STYLE = Automatic;
				CURRENT_PROJECT_VERSION = 1;
				DEBUG_INFORMATION_FORMAT = "dwarf-with-dsym";
				DEVELOPMENT_TEAM = L2AR479Z2P;
				GENERATE_INFOPLIST_FILE = YES;
				INFOPLIST_FILE = CovidInfo/Info.plist;
				INFOPLIST_KEY_NSCameraUsageDescription = "We need to access the camera to able to scan the QR code";
				INFOPLIST_KEY_UIApplicationSupportsIndirectInputEvents = YES;
				INFOPLIST_KEY_UILaunchStoryboardName = LaunchScreen;
				INFOPLIST_KEY_UISupportedInterfaceOrientations = UIInterfaceOrientationPortrait;
				INFOPLIST_KEY_UISupportedInterfaceOrientations_iPad = "UIInterfaceOrientationPortrait UIInterfaceOrientationPortraitUpsideDown UIInterfaceOrientationLandscapeLeft UIInterfaceOrientationLandscapeRight";
				INFOPLIST_KEY_UISupportedInterfaceOrientations_iPhone = "UIInterfaceOrientationPortrait UIInterfaceOrientationLandscapeLeft UIInterfaceOrientationLandscapeRight";
				IPHONEOS_DEPLOYMENT_TARGET = 15.2;
				LD_RUNPATH_SEARCH_PATHS = (
					"$(inherited)",
					"@executable_path/Frameworks",
				);
				MARKETING_VERSION = 1.0;
				PRODUCT_BUNDLE_IDENTIFIER = com.mlvn.CovidInfo;
				PRODUCT_NAME = "$(TARGET_NAME)";
				SWIFT_EMIT_LOC_STRINGS = YES;
				SWIFT_VERSION = 5.0;
				TARGETED_DEVICE_FAMILY = 1;
			};
			name = Debug;
		};
		B2F6511E278F2BDB00E1BB58 /* Release */ = {
			isa = XCBuildConfiguration;
			baseConfigurationReference = 6093B6C73F5FDA01AB286717 /* Pods-CovidInfo.release.xcconfig */;
			buildSettings = {
				ASSETCATALOG_COMPILER_APPICON_NAME = AppIcon;
				ASSETCATALOG_COMPILER_GLOBAL_ACCENT_COLOR_NAME = AccentColor;
				CODE_SIGN_STYLE = Automatic;
				CURRENT_PROJECT_VERSION = 1;
				DEBUG_INFORMATION_FORMAT = "dwarf-with-dsym";
				DEVELOPMENT_TEAM = L2AR479Z2P;
				GENERATE_INFOPLIST_FILE = YES;
				INFOPLIST_FILE = CovidInfo/Info.plist;
				INFOPLIST_KEY_NSCameraUsageDescription = "We need to access the camera to able to scan the QR code";
				INFOPLIST_KEY_UIApplicationSupportsIndirectInputEvents = YES;
				INFOPLIST_KEY_UILaunchStoryboardName = LaunchScreen;
				INFOPLIST_KEY_UISupportedInterfaceOrientations = UIInterfaceOrientationPortrait;
				INFOPLIST_KEY_UISupportedInterfaceOrientations_iPad = "UIInterfaceOrientationPortrait UIInterfaceOrientationPortraitUpsideDown UIInterfaceOrientationLandscapeLeft UIInterfaceOrientationLandscapeRight";
				INFOPLIST_KEY_UISupportedInterfaceOrientations_iPhone = "UIInterfaceOrientationPortrait UIInterfaceOrientationLandscapeLeft UIInterfaceOrientationLandscapeRight";
				IPHONEOS_DEPLOYMENT_TARGET = 15.2;
				LD_RUNPATH_SEARCH_PATHS = (
					"$(inherited)",
					"@executable_path/Frameworks",
				);
				MARKETING_VERSION = 1.0;
				PRODUCT_BUNDLE_IDENTIFIER = com.mlvn.CovidInfo;
				PRODUCT_NAME = "$(TARGET_NAME)";
				SWIFT_EMIT_LOC_STRINGS = YES;
				SWIFT_VERSION = 5.0;
				TARGETED_DEVICE_FAMILY = 1;
			};
			name = Release;
		};
/* End XCBuildConfiguration section */

/* Begin XCConfigurationList section */
		B2F650EA278F2BD900E1BB58 /* Build configuration list for PBXProject "CovidInfo" */ = {
			isa = XCConfigurationList;
			buildConfigurations = (
				B2F6511A278F2BDB00E1BB58 /* Debug */,
				B2F6511B278F2BDB00E1BB58 /* Release */,
			);
			defaultConfigurationIsVisible = 0;
			defaultConfigurationName = Release;
		};
		B2F6511C278F2BDB00E1BB58 /* Build configuration list for PBXNativeTarget "CovidInfo" */ = {
			isa = XCConfigurationList;
			buildConfigurations = (
				B2F6511D278F2BDB00E1BB58 /* Debug */,
				B2F6511E278F2BDB00E1BB58 /* Release */,
			);
			defaultConfigurationIsVisible = 0;
			defaultConfigurationName = Release;
		};
/* End XCConfigurationList section */

/* Begin XCRemoteSwiftPackageReference section */
		B222EC702807B4DB0070397F /* XCRemoteSwiftPackageReference "swift-collections" */ = {
			isa = XCRemoteSwiftPackageReference;
			repositoryURL = "https://github.com/apple/swift-collections.git";
			requirement = {
				kind = upToNextMajorVersion;
				minimumVersion = 1.0.0;
			};
		};
		B23496E22802C07900E5B2FF /* XCRemoteSwiftPackageReference "ChartView" */ = {
			isa = XCRemoteSwiftPackageReference;
			repositoryURL = "https://github.com/AppPear/ChartView";
			requirement = {
				kind = exactVersion;
				version = 1.5.5;
			};
		};
/* End XCRemoteSwiftPackageReference section */

/* Begin XCSwiftPackageProductDependency section */
		B222EC712807B4DB0070397F /* Collections */ = {
			isa = XCSwiftPackageProductDependency;
			package = B222EC702807B4DB0070397F /* XCRemoteSwiftPackageReference "swift-collections" */;
			productName = Collections;
		};
		B222EC732807B4DB0070397F /* DequeModule */ = {
			isa = XCSwiftPackageProductDependency;
			package = B222EC702807B4DB0070397F /* XCRemoteSwiftPackageReference "swift-collections" */;
			productName = DequeModule;
		};
		B222EC752807B4DB0070397F /* OrderedCollections */ = {
			isa = XCSwiftPackageProductDependency;
			package = B222EC702807B4DB0070397F /* XCRemoteSwiftPackageReference "swift-collections" */;
			productName = OrderedCollections;
		};
		B23496E32802C07900E5B2FF /* SwiftUICharts */ = {
			isa = XCSwiftPackageProductDependency;
			package = B23496E22802C07900E5B2FF /* XCRemoteSwiftPackageReference "ChartView" */;
			productName = SwiftUICharts;
		};
/* End XCSwiftPackageProductDependency section */

/* Begin XCVersionGroup section */
		B2BF961B28143270002493EE /* DataModel.xcdatamodeld */ = {
			isa = XCVersionGroup;
			children = (
				B2BF961C28143270002493EE /* DataModel.xcdatamodel */,
			);
			currentVersion = B2BF961C28143270002493EE /* DataModel.xcdatamodel */;
			path = DataModel.xcdatamodeld;
			sourceTree = "<group>";
			versionGroupType = wrapper.xcdatamodel;
		};
/* End XCVersionGroup section */
	};
	rootObject = B2F650E7278F2BD900E1BB58 /* Project object */;
}
