{
  "pins" : [
    {
      "identity" : "amadeus-ios",
      "kind" : "remoteSourceControl",
      "location" : "https://github.com/amadeus4dev/amadeus-ios.git",
      "state" : {
        "revision" : "d8445e8fe085ed24b6f015e637e35a852a844535",
        "version" : "2.0.0"
      }
    },
    {
      "identity" : "chartview",
      "kind" : "remoteSourceControl",
      "location" : "https://github.com/milovanarsul/ChartView",
      "state" : {
        "branch" : "master",
        "revision" : "09fc81d71097a4790f26a398de3bfd112c17a4dc"
      }
    },
    {
      "identity" : "monthyearwheelpicker",
      "kind" : "remoteSourceControl",
      "location" : "https://github.com/bendodson/MonthYearWheelPicker.git",
      "state" : {
        "revision" : "b6fdaf380d1e439e1a639ad94ed744a735632d61",
        "version" : "1.0.1"
      }
    },
    {
      "identity" : "swiftyjson",
      "kind" : "remoteSourceControl",
      "location" : "https://github.com/SwiftyJSON/SwiftyJSON.git",
      "state" : {
        "revision" : "2b6054efa051565954e1d2b9da831680026cd768",
        "version" : "4.3.0"
      }
    }
  ],
  "version" : 2
}
